
Microsoft Visual Studio Solution File, Format Version 12.00
# Visual Studio 15
VisualStudioVersion = 15.0.28307.168
MinimumVisualStudioVersion = 10.0.40219.1
Project("{9A19103F-16F7-4668-BE54-9A1E7A4F7556}") = "InvestipsMasterQuotesFunctions", "InvestipsMasterQuotesFunctions\InvestipsMasterQuotesFunctions.csproj", "{0CAF1F04-2A37-4E7D-BBC2-C066F6531E4F}"
EndProject
Project("{FAE04EC0-301F-11D3-BF4B-00C04F79EFBC}") = "FinanceQuoteService", "FinanceQuoteService\FinanceQuoteService.csproj", "{602F469D-FECD-45C9-9326-7C94B2D4F6CF}"
EndProject
Global
	GlobalSection(SolutionConfigurationPlatforms) = preSolution
		Debug|Any CPU = Debug|Any CPU
		Release|Any CPU = Release|Any CPU
	EndGlobalSection
	GlobalSection(ProjectConfigurationPlatforms) = postSolution
		{0CAF1F04-2A37-4E7D-BBC2-C066F6531E4F}.Debug|Any CPU.ActiveCfg = Debug|Any CPU
		{0CAF1F04-2A37-4E7D-BBC2-C066F6531E4F}.Debug|Any CPU.Build.0 = Debug|Any CPU
		{0CAF1F04-2A37-4E7D-BBC2-C066F6531E4F}.Release|Any CPU.ActiveCfg = Release|Any CPU
		{0CAF1F04-2A37-4E7D-BBC2-C066F6531E4F}.Release|Any CPU.Build.0 = Release|Any CPU
		{602F469D-FECD-45C9-9326-7C94B2D4F6CF}.Debug|Any CPU.ActiveCfg = Debug|Any CPU
		{602F469D-FECD-45C9-9326-7C94B2D4F6CF}.Debug|Any CPU.Build.0 = Debug|Any CPU
		{602F469D-FECD-45C9-9326-7C94B2D4F6CF}.Release|Any CPU.ActiveCfg = Release|Any CPU
		{602F469D-FECD-45C9-9326-7C94B2D4F6CF}.Release|Any CPU.Build.0 = Release|Any CPU
	EndGlobalSection
	GlobalSection(SolutionProperties) = preSolution
		HideSolutionNode = FALSE
	EndGlobalSection
	GlobalSection(ExtensibilityGlobals) = postSolution
		SolutionGuid = {44D6ABF5-2650-41CC-B3D8-898024A26872}
	EndGlobalSection
EndGlobal
